
Microsoft Visual Studio Solution File, Format Version 12.00
# Visual Studio Version 17
VisualStudioVersion = 17.13.35825.156 d17.13
MinimumVisualStudioVersion = 10.0.40219.1
Project("{FAE04EC0-301F-11D3-BF4B-00C04F79EFBC}") = "WindowsFormsTrvr", "WindowsFormsTrvr\WindowsFormsTrvr.csproj", "{5A307425-00EE-4985-8593-8271BC54A0B6}"
EndProject
Global
	GlobalSection(SolutionConfigurationPlatforms) = preSolution
		Debug|Any CPU = Debug|Any CPU
		Release|Any CPU = Release|Any CPU
	EndGlobalSection
	GlobalSection(ProjectConfigurationPlatforms) = postSolution
		{5A307425-00EE-4985-8593-8271BC54A0B6}.Debug|Any CPU.ActiveCfg = Debug|Any CPU
		{5A307425-00EE-4985-8593-8271BC54A0B6}.Debug|Any CPU.Build.0 = Debug|Any CPU
		{5A307425-00EE-4985-8593-8271BC54A0B6}.Release|Any CPU.ActiveCfg = Release|Any CPU
		{5A307425-00EE-4985-8593-8271BC54A0B6}.Release|Any CPU.Build.0 = Release|Any CPU
	EndGlobalSection
	GlobalSection(SolutionProperties) = preSolution
		HideSolutionNode = FALSE
	EndGlobalSection
	GlobalSection(ExtensibilityGlobals) = postSolution
		SolutionGuid = {E2C3CA0F-0571-441B-8902-F8EAA50C3AC1}
	EndGlobalSection
EndGlobal
